// !$*UTF8*$!
{
	archiveVersion = 1;
	classes = {
	};
	objectVersion = 46;
	objects = {

/* Begin PBXBuildFile section */
		780D27A4157F368900402460 /* Post.m in Sources */ = {isa = PBXBuildFile; fileRef = 780D27A3157F368900402460 /* Post.m */; };
		780D27A7157F4AB100402460 /* PostCell.m in Sources */ = {isa = PBXBuildFile; fileRef = 780D27A6157F4AB100402460 /* PostCell.m */; };
		782B3C9C156A519D00721150 /* Exfee.m in Sources */ = {isa = PBXBuildFile; fileRef = 782B3C9B156A519D00721150 /* Exfee.m */; };
		782B3CA5156A604A00721150 /* EFTime.m in Sources */ = {isa = PBXBuildFile; fileRef = 782B3CA4156A604A00721150 /* EFTime.m */; };
		782B3CAB156A604C00721150 /* CrossTime.m in Sources */ = {isa = PBXBuildFile; fileRef = 782B3CAA156A604C00721150 /* CrossTime.m */; };
		782B3CB7156B80A000721150 /* LandingViewController.m in Sources */ = {isa = PBXBuildFile; fileRef = 782B3CB5156B809F00721150 /* LandingViewController.m */; };
		782B3CB8156B80A000721150 /* LandingViewController.xib in Resources */ = {isa = PBXBuildFile; fileRef = 782B3CB6156B809F00721150 /* LandingViewController.xib */; };
		782B3CD0156B948600721150 /* twitter@2x~ipad.png in Resources */ = {isa = PBXBuildFile; fileRef = 782B3CCC156B948600721150 /* twitter@2x~ipad.png */; };
		782B3CD1156B948600721150 /* twitter@2x~iphone.png in Resources */ = {isa = PBXBuildFile; fileRef = 782B3CCD156B948600721150 /* twitter@2x~iphone.png */; };
		782B3CD2156B948600721150 /* twitter~ipad.png in Resources */ = {isa = PBXBuildFile; fileRef = 782B3CCE156B948600721150 /* twitter~ipad.png */; };
		782B3CD3156B948600721150 /* twitter~iphone.png in Resources */ = {isa = PBXBuildFile; fileRef = 782B3CCF156B948600721150 /* twitter~iphone.png */; };
		782B3CD9156B997200721150 /* SigninViewController.m in Sources */ = {isa = PBXBuildFile; fileRef = 782B3CD7156B997200721150 /* SigninViewController.m */; };
		782B3CDA156B997200721150 /* SigninViewController.xib in Resources */ = {isa = PBXBuildFile; fileRef = 782B3CD8156B997200721150 /* SigninViewController.xib */; };
		7832B666158DAEAA007A052D /* GatherViewController.m in Sources */ = {isa = PBXBuildFile; fileRef = 7832B664158DAEAA007A052D /* GatherViewController.m */; };
		7832B667158DAEAA007A052D /* GatherViewController.xib in Resources */ = {isa = PBXBuildFile; fileRef = 7832B665158DAEAA007A052D /* GatherViewController.xib */; };
		78409168156F3AC3006DF115 /* CrossDetailViewController.m in Sources */ = {isa = PBXBuildFile; fileRef = 78409166156F3AC3006DF115 /* CrossDetailViewController.m */; };
		78409169156F3AC3006DF115 /* CrossDetailViewController.xib in Resources */ = {isa = PBXBuildFile; fileRef = 78409167156F3AC3006DF115 /* CrossDetailViewController.xib */; };
		7840916C156F6AA5006DF115 /* Util.m in Sources */ = {isa = PBXBuildFile; fileRef = 7840916B156F6AA5006DF115 /* Util.m */; };
		78409172156F80A7006DF115 /* APIConversation.m in Sources */ = {isa = PBXBuildFile; fileRef = 78409171156F80A6006DF115 /* APIConversation.m */; };
		78409175156F81E6006DF115 /* Mapping.m in Sources */ = {isa = PBXBuildFile; fileRef = 78409174156F81E6006DF115 /* Mapping.m */; };
		7840917915732A91006DF115 /* ConversationViewController.m in Sources */ = {isa = PBXBuildFile; fileRef = 7840917715732A90006DF115 /* ConversationViewController.m */; };
		7840917F15732CA5006DF115 /* chat@2x~iphone.png in Resources */ = {isa = PBXBuildFile; fileRef = 7840917B15732CA5006DF115 /* chat@2x~iphone.png */; };
		7840918015732CA5006DF115 /* chat~iphone.png in Resources */ = {isa = PBXBuildFile; fileRef = 7840917C15732CA5006DF115 /* chat~iphone.png */; };
		7840918115732CA5006DF115 /* chat@2x~ipad.png in Resources */ = {isa = PBXBuildFile; fileRef = 7840917D15732CA5006DF115 /* chat@2x~ipad.png */; };
		7840918215732CA5006DF115 /* chat~ipad.png in Resources */ = {isa = PBXBuildFile; fileRef = 7840917E15732CA5006DF115 /* chat~ipad.png */; };
		78415346159C3F5C002B7A2E /* PlaceAnnotation.m in Sources */ = {isa = PBXBuildFile; fileRef = 78415345159C3F5C002B7A2E /* PlaceAnnotation.m */; };
		78415363159D6766002B7A2E /* WildcardGestureRecognizer.m in Sources */ = {isa = PBXBuildFile; fileRef = 78415362159D672A002B7A2E /* WildcardGestureRecognizer.m */; };
		785D8136156A1AE400FC0984 /* Place.m in Sources */ = {isa = PBXBuildFile; fileRef = 785D8135156A1AE400FC0984 /* Place.m */; };
		785F6F541581DE4C00BF8EA0 /* APIProfile.m in Sources */ = {isa = PBXBuildFile; fileRef = 785F6F531581DE4C00BF8EA0 /* APIProfile.m */; };
		785F6F60158204FE00BF8EA0 /* User.m in Sources */ = {isa = PBXBuildFile; fileRef = 785F6F5F158204FE00BF8EA0 /* User.m */; };
		785F6F6415820A0000BF8EA0 /* ProfileViewController.m in Sources */ = {isa = PBXBuildFile; fileRef = 785F6F6215820A0000BF8EA0 /* ProfileViewController.m */; };
		785F6F6515820A0000BF8EA0 /* ProfileViewController.xib in Resources */ = {isa = PBXBuildFile; fileRef = 785F6F6315820A0000BF8EA0 /* ProfileViewController.xib */; };
		785F6F6A15820CA500BF8EA0 /* navbar_setting@2x~iphone.png in Resources */ = {isa = PBXBuildFile; fileRef = 785F6F6615820CA500BF8EA0 /* navbar_setting@2x~iphone.png */; };
		785F6F6B15820CA500BF8EA0 /* navbar_setting~iphone.png in Resources */ = {isa = PBXBuildFile; fileRef = 785F6F6715820CA500BF8EA0 /* navbar_setting~iphone.png */; };
		785F6F6C15820CA500BF8EA0 /* navbar_setting@2x~ipad.png in Resources */ = {isa = PBXBuildFile; fileRef = 785F6F6815820CA500BF8EA0 /* navbar_setting@2x~ipad.png */; };
		785F6F6D15820CA500BF8EA0 /* navbar_setting~ipad.png in Resources */ = {isa = PBXBuildFile; fileRef = 785F6F6915820CA500BF8EA0 /* navbar_setting~ipad.png */; };
		785F6F7C1585A95600BF8EA0 /* arrow.png in Resources */ = {isa = PBXBuildFile; fileRef = 785F6F7B1585A95600BF8EA0 /* arrow.png */; };
		785F6F7D1585A95D00BF8EA0 /* PullRefreshTableViewController.m in Sources */ = {isa = PBXBuildFile; fileRef = 785F6F7A1585A5A200BF8EA0 /* PullRefreshTableViewController.m */; };
		785FD5871580797F0056590D /* UIExpandingTextView.m in Sources */ = {isa = PBXBuildFile; fileRef = 785FD5821580797F0056590D /* UIExpandingTextView.m */; };
		785FD5881580797F0056590D /* UIExpandingTextViewInternal.m in Sources */ = {isa = PBXBuildFile; fileRef = 785FD5841580797F0056590D /* UIExpandingTextViewInternal.m */; };
		785FD5891580797F0056590D /* UIInputToolbar.m in Sources */ = {isa = PBXBuildFile; fileRef = 785FD5861580797F0056590D /* UIInputToolbar.m */; };
		785FD590158079970056590D /* buttonbg@2x~iphone.png in Resources */ = {isa = PBXBuildFile; fileRef = 785FD58A158079970056590D /* buttonbg@2x~iphone.png */; };
		785FD591158079970056590D /* buttonbg~iphone.png in Resources */ = {isa = PBXBuildFile; fileRef = 785FD58B158079970056590D /* buttonbg~iphone.png */; };
		785FD592158079970056590D /* textbg@2x~iphone.png in Resources */ = {isa = PBXBuildFile; fileRef = 785FD58C158079970056590D /* textbg@2x~iphone.png */; };
		785FD593158079970056590D /* textbg~iphone.png in Resources */ = {isa = PBXBuildFile; fileRef = 785FD58D158079970056590D /* textbg~iphone.png */; };
		785FD594158079970056590D /* toolbarbg@2x~iphone.png in Resources */ = {isa = PBXBuildFile; fileRef = 785FD58E158079970056590D /* toolbarbg@2x~iphone.png */; };
		785FD595158079970056590D /* toolbarbg~iphone.png in Resources */ = {isa = PBXBuildFile; fileRef = 785FD58F158079970056590D /* toolbarbg~iphone.png */; };
		78615B3C15788BD5003CF68A /* ABTableViewCell.m in Sources */ = {isa = PBXBuildFile; fileRef = 78615B3B15788BCD003CF68A /* ABTableViewCell.m */; };
		78615B401578CC22003CF68A /* ConversationViewController.xib in Resources */ = {isa = PBXBuildFile; fileRef = 7840917815732A91006DF115 /* ConversationViewController.xib */; };
		7876512D1575F23100E3DFD9 /* x.html in Resources */ = {isa = PBXBuildFile; fileRef = 7876512B1575F23100E3DFD9 /* x.html */; };
		7876512E1575F23100E3DFD9 /* x_background.png in Resources */ = {isa = PBXBuildFile; fileRef = 7876512C1575F23100E3DFD9 /* x_background.png */; };
		787651311576093500E3DFD9 /* Invitation.m in Sources */ = {isa = PBXBuildFile; fileRef = 787651301576093500E3DFD9 /* Invitation.m */; };
		7876513415760A4900E3DFD9 /* Identity.m in Sources */ = {isa = PBXBuildFile; fileRef = 7876513315760A4800E3DFD9 /* Identity.m */; };
		788312A815738D6100D67103 /* CrossCell.m in Sources */ = {isa = PBXBuildFile; fileRef = 788312A715738D6100D67103 /* CrossCell.m */; };
		788312AB1574A63600D67103 /* ImgCache.m in Sources */ = {isa = PBXBuildFile; fileRef = 788312AA1574A5DE00D67103 /* ImgCache.m */; };
		78920EBC157CB0E1004F3901 /* Rsvp.m in Sources */ = {isa = PBXBuildFile; fileRef = 78920EBB157CB0E1004F3901 /* Rsvp.m */; };
		789C8CAD1591D9B700580624 /* EXImagesCollectionView.m in Sources */ = {isa = PBXBuildFile; fileRef = 789C8CAC1591D9B700580624 /* EXImagesCollectionView.m */; };
		789C8D6F159334ED00580624 /* libRestKit.a in Frameworks */ = {isa = PBXBuildFile; fileRef = 789C8D6115931BF100580624 /* libRestKit.a */; };
		78A834091588BBDC0019FDF5 /* ProfileCellView.m in Sources */ = {isa = PBXBuildFile; fileRef = 78A834081588BBDB0019FDF5 /* ProfileCellView.m */; };
		78A8340B1588BBEE0019FDF5 /* ProfileCellView.xib in Resources */ = {isa = PBXBuildFile; fileRef = 78A8340A1588BBEE0019FDF5 /* ProfileCellView.xib */; };
		78A8341015899EFD0019FDF5 /* device_iPhone@2x~iphone.png in Resources */ = {isa = PBXBuildFile; fileRef = 78A8340C15899EFC0019FDF5 /* device_iPhone@2x~iphone.png */; };
		78A8341115899EFD0019FDF5 /* device_iPhone~iphone.png in Resources */ = {isa = PBXBuildFile; fileRef = 78A8340D15899EFD0019FDF5 /* device_iPhone~iphone.png */; };
		78A8341215899EFD0019FDF5 /* device_iPhone@2x~ipad.png in Resources */ = {isa = PBXBuildFile; fileRef = 78A8340E15899EFD0019FDF5 /* device_iPhone@2x~ipad.png */; };
		78A8341315899EFD0019FDF5 /* device_iPhone~ipad.png in Resources */ = {isa = PBXBuildFile; fileRef = 78A8340F15899EFD0019FDF5 /* device_iPhone~ipad.png */; };
		78A98E8C1560F832009E0806 /* UIKit.framework in Frameworks */ = {isa = PBXBuildFile; fileRef = 78A98E8B1560F832009E0806 /* UIKit.framework */; };
		78A98E8E1560F832009E0806 /* Foundation.framework in Frameworks */ = {isa = PBXBuildFile; fileRef = 78A98E8D1560F832009E0806 /* Foundation.framework */; };
		78A98E901560F832009E0806 /* CoreGraphics.framework in Frameworks */ = {isa = PBXBuildFile; fileRef = 78A98E8F1560F832009E0806 /* CoreGraphics.framework */; };
		78A98E961560F832009E0806 /* InfoPlist.strings in Resources */ = {isa = PBXBuildFile; fileRef = 78A98E941560F832009E0806 /* InfoPlist.strings */; };
		78A98E981560F832009E0806 /* main.m in Sources */ = {isa = PBXBuildFile; fileRef = 78A98E971560F832009E0806 /* main.m */; };
		78A98E9C1560F832009E0806 /* AppDelegate.m in Sources */ = {isa = PBXBuildFile; fileRef = 78A98E9B1560F832009E0806 /* AppDelegate.m */; };
		78A98EEF156110F0009E0806 /* CFNetwork.framework in Frameworks */ = {isa = PBXBuildFile; fileRef = 78A98EEE156110F0009E0806 /* CFNetwork.framework */; };
		78A98EF1156110F5009E0806 /* CoreData.framework in Frameworks */ = {isa = PBXBuildFile; fileRef = 78A98EF0156110F5009E0806 /* CoreData.framework */; };
		78A98EF3156110FB009E0806 /* MobileCoreServices.framework in Frameworks */ = {isa = PBXBuildFile; fileRef = 78A98EF2156110FB009E0806 /* MobileCoreServices.framework */; };
		78A98EF515611101009E0806 /* Security.framework in Frameworks */ = {isa = PBXBuildFile; fileRef = 78A98EF415611100009E0806 /* Security.framework */; };
		78A98EF715611107009E0806 /* SystemConfiguration.framework in Frameworks */ = {isa = PBXBuildFile; fileRef = 78A98EF615611107009E0806 /* SystemConfiguration.framework */; };
		78A98EF91561110C009E0806 /* QuartzCore.framework in Frameworks */ = {isa = PBXBuildFile; fileRef = 78A98EF81561110C009E0806 /* QuartzCore.framework */; };
		78A98EFB15611113009E0806 /* libxml2.dylib in Frameworks */ = {isa = PBXBuildFile; fileRef = 78A98EFA15611113009E0806 /* libxml2.dylib */; };
		78A98F03156117D8009E0806 /* APICrosses.m in Sources */ = {isa = PBXBuildFile; fileRef = 78A98F02156117D8009E0806 /* APICrosses.m */; };
		78ADED6B15998D93002B459A /* default_avatar@2x~ipad.png in Resources */ = {isa = PBXBuildFile; fileRef = 78ADED6715998D93002B459A /* default_avatar@2x~ipad.png */; };
		78ADED6C15998D93002B459A /* default_avatar@2x~iphone.png in Resources */ = {isa = PBXBuildFile; fileRef = 78ADED6815998D93002B459A /* default_avatar@2x~iphone.png */; };
		78ADED6D15998D93002B459A /* default_avatar~ipad.png in Resources */ = {isa = PBXBuildFile; fileRef = 78ADED6915998D93002B459A /* default_avatar~ipad.png */; };
		78ADED6E15998D93002B459A /* default_avatar~iphone.png in Resources */ = {isa = PBXBuildFile; fileRef = 78ADED6A15998D93002B459A /* default_avatar~iphone.png */; };
		78C25ABA159D8211002AED1E /* EXPlaceEditView.m in Sources */ = {isa = PBXBuildFile; fileRef = 78C25AB9159D8211002AED1E /* EXPlaceEditView.m */; };
		78C8B0E415A71CA5005A44E1 /* closebutton.png in Resources */ = {isa = PBXBuildFile; fileRef = 78C8B0E215A71CA5005A44E1 /* closebutton.png */; };
		78C8B0E515A71CA5005A44E1 /* closebutton@2x.png in Resources */ = {isa = PBXBuildFile; fileRef = 78C8B0E315A71CA5005A44E1 /* closebutton@2x.png */; };
		78D0A600158CFB4C00401BCA /* OAuthLoginViewController.m in Sources */ = {isa = PBXBuildFile; fileRef = 78D0A5FC158CFAD200401BCA /* OAuthLoginViewController.m */; };
		78D0A601158CFB5F00401BCA /* URLParser.m in Sources */ = {isa = PBXBuildFile; fileRef = 78D0A5FF158CFAD200401BCA /* URLParser.m */; };
		78D0A602158CFE1900401BCA /* OAuthLoginViewController.xib in Resources */ = {isa = PBXBuildFile; fileRef = 78D0A5FD158CFAD200401BCA /* OAuthLoginViewController.xib */; };
		78DABCE9158B236C004447B5 /* Meta.m in Sources */ = {isa = PBXBuildFile; fileRef = 78DABCE8158B236C004447B5 /* Meta.m */; };
		78E4EE5A1581D02B00AE6211 /* ConversationTableView.m in Sources */ = {isa = PBXBuildFile; fileRef = 78E4EE591581D02B00AE6211 /* ConversationTableView.m */; };
		78E837F9156658A300763A60 /* Model.xcdatamodeld in Sources */ = {isa = PBXBuildFile; fileRef = 78E837F7156658A300763A60 /* Model.xcdatamodeld */; };
		78E88742156244E70026D197 /* CrossesViewController.m in Sources */ = {isa = PBXBuildFile; fileRef = 78E88740156244E70026D197 /* CrossesViewController.m */; };
		78E88743156244E70026D197 /* CrossesViewController.xib in Resources */ = {isa = PBXBuildFile; fileRef = 78E88741156244E70026D197 /* CrossesViewController.xib */; };
		78EA70F91585D4E70097A528 /* Cross.m in Sources */ = {isa = PBXBuildFile; fileRef = 78EA70F81585D4E70097A528 /* Cross.m */; };
		78F057FF1599A57C00F360F2 /* PlaceViewController.m in Sources */ = {isa = PBXBuildFile; fileRef = 78F057FD1599A57B00F360F2 /* PlaceViewController.m */; };
		78F058001599A57C00F360F2 /* PlaceViewController.xib in Resources */ = {isa = PBXBuildFile; fileRef = 78F057FE1599A57C00F360F2 /* PlaceViewController.xib */; };
		78F058021599B1BE00F360F2 /* MapKit.framework in Frameworks */ = {isa = PBXBuildFile; fileRef = 78F058011599B1BD00F360F2 /* MapKit.framework */; };
		78F058041599C30200F360F2 /* CoreLocation.framework in Frameworks */ = {isa = PBXBuildFile; fileRef = 78F058031599C30200F360F2 /* CoreLocation.framework */; };
		78F0580B159B708F00F360F2 /* APIPlace.m in Sources */ = {isa = PBXBuildFile; fileRef = 78F0580A159B708F00F360F2 /* APIPlace.m */; };
/* End PBXBuildFile section */

/* Begin PBXContainerItemProxy section */
		789C8D6015931BF100580624 /* PBXContainerItemProxy */ = {
			isa = PBXContainerItemProxy;
			containerPortal = 78A98ED615611028009E0806 /* RestKit.xcodeproj */;
			proxyType = 2;
			remoteGlobalIDString = 25160D1614564E810060A5C5;
			remoteInfo = RestKit;
		};
		789C8D6215931BF100580624 /* PBXContainerItemProxy */ = {
			isa = PBXContainerItemProxy;
			containerPortal = 78A98ED615611028009E0806 /* RestKit.xcodeproj */;
			proxyType = 2;
			remoteGlobalIDString = 25160D2614564E820060A5C5;
			remoteInfo = RestKitTests;
		};
		789C8D6415931BF100580624 /* PBXContainerItemProxy */ = {
			isa = PBXContainerItemProxy;
			containerPortal = 78A98ED615611028009E0806 /* RestKit.xcodeproj */;
			proxyType = 2;
			remoteGlobalIDString = 25160E62145651060060A5C5;
			remoteInfo = RestKitFramework;
		};
		789C8D6615931BF100580624 /* PBXContainerItemProxy */ = {
			isa = PBXContainerItemProxy;
			containerPortal = 78A98ED615611028009E0806 /* RestKit.xcodeproj */;
			proxyType = 2;
			remoteGlobalIDString = 25160E78145651060060A5C5;
			remoteInfo = RestKitFrameworkTests;
		};
		789C8D6815931BF100580624 /* PBXContainerItemProxy */ = {
			isa = PBXContainerItemProxy;
			containerPortal = 78A98ED615611028009E0806 /* RestKit.xcodeproj */;
			proxyType = 2;
			remoteGlobalIDString = 259C301615128079003066A2;
			remoteInfo = RestKitResources;
		};
		78A98EEB156110C6009E0806 /* PBXContainerItemProxy */ = {
			isa = PBXContainerItemProxy;
			containerPortal = 78A98ED615611028009E0806 /* RestKit.xcodeproj */;
			proxyType = 1;
			remoteGlobalIDString = 25160D1514564E810060A5C5;
			remoteInfo = RestKit;
		};
/* End PBXContainerItemProxy section */

/* Begin PBXFileReference section */
		780D27A2157F368800402460 /* Post.h */ = {isa = PBXFileReference; fileEncoding = 4; lastKnownFileType = sourcecode.c.h; path = Post.h; sourceTree = "<group>"; };
		780D27A3157F368900402460 /* Post.m */ = {isa = PBXFileReference; fileEncoding = 4; lastKnownFileType = sourcecode.c.objc; path = Post.m; sourceTree = "<group>"; };
		780D27A5157F4AB100402460 /* PostCell.h */ = {isa = PBXFileReference; fileEncoding = 4; lastKnownFileType = sourcecode.c.h; path = PostCell.h; sourceTree = "<group>"; };
		780D27A6157F4AB100402460 /* PostCell.m */ = {isa = PBXFileReference; fileEncoding = 4; lastKnownFileType = sourcecode.c.objc; path = PostCell.m; sourceTree = "<group>"; };
		782B3C9A156A519D00721150 /* Exfee.h */ = {isa = PBXFileReference; fileEncoding = 4; lastKnownFileType = sourcecode.c.h; path = Exfee.h; sourceTree = "<group>"; };
		782B3C9B156A519D00721150 /* Exfee.m */ = {isa = PBXFileReference; fileEncoding = 4; lastKnownFileType = sourcecode.c.objc; path = Exfee.m; sourceTree = "<group>"; };
		782B3CA3156A604A00721150 /* EFTime.h */ = {isa = PBXFileReference; fileEncoding = 4; lastKnownFileType = sourcecode.c.h; path = EFTime.h; sourceTree = "<group>"; };
		782B3CA4156A604A00721150 /* EFTime.m */ = {isa = PBXFileReference; fileEncoding = 4; lastKnownFileType = sourcecode.c.objc; path = EFTime.m; sourceTree = "<group>"; };
		782B3CA9156A604C00721150 /* CrossTime.h */ = {isa = PBXFileReference; fileEncoding = 4; lastKnownFileType = sourcecode.c.h; path = CrossTime.h; sourceTree = "<group>"; };
		782B3CAA156A604C00721150 /* CrossTime.m */ = {isa = PBXFileReference; fileEncoding = 4; lastKnownFileType = sourcecode.c.objc; path = CrossTime.m; sourceTree = "<group>"; };
		782B3CB4156B809F00721150 /* LandingViewController.h */ = {isa = PBXFileReference; fileEncoding = 4; lastKnownFileType = sourcecode.c.h; path = LandingViewController.h; sourceTree = "<group>"; };
		782B3CB5156B809F00721150 /* LandingViewController.m */ = {isa = PBXFileReference; fileEncoding = 4; lastKnownFileType = sourcecode.c.objc; path = LandingViewController.m; sourceTree = "<group>"; };
		782B3CB6156B809F00721150 /* LandingViewController.xib */ = {isa = PBXFileReference; fileEncoding = 4; lastKnownFileType = file.xib; path = LandingViewController.xib; sourceTree = "<group>"; };
		782B3CCC156B948600721150 /* twitter@2x~ipad.png */ = {isa = PBXFileReference; lastKnownFileType = image.png; path = "twitter@2x~ipad.png"; sourceTree = "<group>"; };
		782B3CCD156B948600721150 /* twitter@2x~iphone.png */ = {isa = PBXFileReference; lastKnownFileType = image.png; path = "twitter@2x~iphone.png"; sourceTree = "<group>"; };
		782B3CCE156B948600721150 /* twitter~ipad.png */ = {isa = PBXFileReference; lastKnownFileType = image.png; path = "twitter~ipad.png"; sourceTree = "<group>"; };
		782B3CCF156B948600721150 /* twitter~iphone.png */ = {isa = PBXFileReference; lastKnownFileType = image.png; path = "twitter~iphone.png"; sourceTree = "<group>"; };
		782B3CD6156B997200721150 /* SigninViewController.h */ = {isa = PBXFileReference; fileEncoding = 4; lastKnownFileType = sourcecode.c.h; path = SigninViewController.h; sourceTree = "<group>"; };
		782B3CD7156B997200721150 /* SigninViewController.m */ = {isa = PBXFileReference; fileEncoding = 4; lastKnownFileType = sourcecode.c.objc; path = SigninViewController.m; sourceTree = "<group>"; };
		782B3CD8156B997200721150 /* SigninViewController.xib */ = {isa = PBXFileReference; fileEncoding = 4; lastKnownFileType = file.xib; path = SigninViewController.xib; sourceTree = "<group>"; };
		7832B663158DAEAA007A052D /* GatherViewController.h */ = {isa = PBXFileReference; fileEncoding = 4; lastKnownFileType = sourcecode.c.h; path = GatherViewController.h; sourceTree = "<group>"; };
		7832B664158DAEAA007A052D /* GatherViewController.m */ = {isa = PBXFileReference; fileEncoding = 4; lastKnownFileType = sourcecode.c.objc; path = GatherViewController.m; sourceTree = "<group>"; };
		7832B665158DAEAA007A052D /* GatherViewController.xib */ = {isa = PBXFileReference; fileEncoding = 4; lastKnownFileType = file.xib; path = GatherViewController.xib; sourceTree = "<group>"; };
		78409165156F3AC3006DF115 /* CrossDetailViewController.h */ = {isa = PBXFileReference; fileEncoding = 4; lastKnownFileType = sourcecode.c.h; path = CrossDetailViewController.h; sourceTree = "<group>"; };
		78409166156F3AC3006DF115 /* CrossDetailViewController.m */ = {isa = PBXFileReference; fileEncoding = 4; lastKnownFileType = sourcecode.c.objc; path = CrossDetailViewController.m; sourceTree = "<group>"; };
		78409167156F3AC3006DF115 /* CrossDetailViewController.xib */ = {isa = PBXFileReference; fileEncoding = 4; lastKnownFileType = file.xib; path = CrossDetailViewController.xib; sourceTree = "<group>"; };
		7840916A156F6AA4006DF115 /* Util.h */ = {isa = PBXFileReference; fileEncoding = 4; lastKnownFileType = sourcecode.c.h; path = Util.h; sourceTree = "<group>"; };
		7840916B156F6AA5006DF115 /* Util.m */ = {isa = PBXFileReference; fileEncoding = 4; lastKnownFileType = sourcecode.c.objc; path = Util.m; sourceTree = "<group>"; };
		78409170156F80A6006DF115 /* APIConversation.h */ = {isa = PBXFileReference; fileEncoding = 4; lastKnownFileType = sourcecode.c.h; path = APIConversation.h; sourceTree = "<group>"; };
		78409171156F80A6006DF115 /* APIConversation.m */ = {isa = PBXFileReference; fileEncoding = 4; lastKnownFileType = sourcecode.c.objc; path = APIConversation.m; sourceTree = "<group>"; };
		78409173156F81E6006DF115 /* Mapping.h */ = {isa = PBXFileReference; fileEncoding = 4; lastKnownFileType = sourcecode.c.h; path = Mapping.h; sourceTree = "<group>"; };
		78409174156F81E6006DF115 /* Mapping.m */ = {isa = PBXFileReference; fileEncoding = 4; lastKnownFileType = sourcecode.c.objc; path = Mapping.m; sourceTree = "<group>"; };
		7840917615732A90006DF115 /* ConversationViewController.h */ = {isa = PBXFileReference; fileEncoding = 4; lastKnownFileType = sourcecode.c.h; path = ConversationViewController.h; sourceTree = "<group>"; };
		7840917715732A90006DF115 /* ConversationViewController.m */ = {isa = PBXFileReference; fileEncoding = 4; lastKnownFileType = sourcecode.c.objc; path = ConversationViewController.m; sourceTree = "<group>"; };
		7840917815732A91006DF115 /* ConversationViewController.xib */ = {isa = PBXFileReference; fileEncoding = 4; lastKnownFileType = file.xib; path = ConversationViewController.xib; sourceTree = "<group>"; };
		7840917B15732CA5006DF115 /* chat@2x~iphone.png */ = {isa = PBXFileReference; lastKnownFileType = image.png; path = "chat@2x~iphone.png"; sourceTree = "<group>"; };
		7840917C15732CA5006DF115 /* chat~iphone.png */ = {isa = PBXFileReference; lastKnownFileType = image.png; path = "chat~iphone.png"; sourceTree = "<group>"; };
		7840917D15732CA5006DF115 /* chat@2x~ipad.png */ = {isa = PBXFileReference; lastKnownFileType = image.png; path = "chat@2x~ipad.png"; sourceTree = "<group>"; };
		7840917E15732CA5006DF115 /* chat~ipad.png */ = {isa = PBXFileReference; lastKnownFileType = image.png; path = "chat~ipad.png"; sourceTree = "<group>"; };
		78415344159C3F5C002B7A2E /* PlaceAnnotation.h */ = {isa = PBXFileReference; fileEncoding = 4; lastKnownFileType = sourcecode.c.h; path = PlaceAnnotation.h; sourceTree = "<group>"; };
		78415345159C3F5C002B7A2E /* PlaceAnnotation.m */ = {isa = PBXFileReference; fileEncoding = 4; lastKnownFileType = sourcecode.c.objc; path = PlaceAnnotation.m; sourceTree = "<group>"; };
		78415361159D672A002B7A2E /* WildcardGestureRecognizer.h */ = {isa = PBXFileReference; lastKnownFileType = sourcecode.c.h; path = WildcardGestureRecognizer.h; sourceTree = "<group>"; };
		78415362159D672A002B7A2E /* WildcardGestureRecognizer.m */ = {isa = PBXFileReference; lastKnownFileType = sourcecode.c.objc; path = WildcardGestureRecognizer.m; sourceTree = "<group>"; };
		785D8134156A1AE400FC0984 /* Place.h */ = {isa = PBXFileReference; fileEncoding = 4; lastKnownFileType = sourcecode.c.h; path = Place.h; sourceTree = "<group>"; };
		785D8135156A1AE400FC0984 /* Place.m */ = {isa = PBXFileReference; fileEncoding = 4; lastKnownFileType = sourcecode.c.objc; path = Place.m; sourceTree = "<group>"; };
		785F6F521581DE4C00BF8EA0 /* APIProfile.h */ = {isa = PBXFileReference; fileEncoding = 4; lastKnownFileType = sourcecode.c.h; path = APIProfile.h; sourceTree = "<group>"; };
		785F6F531581DE4C00BF8EA0 /* APIProfile.m */ = {isa = PBXFileReference; fileEncoding = 4; lastKnownFileType = sourcecode.c.objc; path = APIProfile.m; sourceTree = "<group>"; };
		785F6F5E158204FE00BF8EA0 /* User.h */ = {isa = PBXFileReference; fileEncoding = 4; lastKnownFileType = sourcecode.c.h; path = User.h; sourceTree = "<group>"; };
		785F6F5F158204FE00BF8EA0 /* User.m */ = {isa = PBXFileReference; fileEncoding = 4; lastKnownFileType = sourcecode.c.objc; path = User.m; sourceTree = "<group>"; };
		785F6F6115820A0000BF8EA0 /* ProfileViewController.h */ = {isa = PBXFileReference; fileEncoding = 4; lastKnownFileType = sourcecode.c.h; path = ProfileViewController.h; sourceTree = "<group>"; };
		785F6F6215820A0000BF8EA0 /* ProfileViewController.m */ = {isa = PBXFileReference; fileEncoding = 4; lastKnownFileType = sourcecode.c.objc; path = ProfileViewController.m; sourceTree = "<group>"; };
		785F6F6315820A0000BF8EA0 /* ProfileViewController.xib */ = {isa = PBXFileReference; fileEncoding = 4; lastKnownFileType = file.xib; path = ProfileViewController.xib; sourceTree = "<group>"; };
		785F6F6615820CA500BF8EA0 /* navbar_setting@2x~iphone.png */ = {isa = PBXFileReference; lastKnownFileType = image.png; path = "navbar_setting@2x~iphone.png"; sourceTree = "<group>"; };
		785F6F6715820CA500BF8EA0 /* navbar_setting~iphone.png */ = {isa = PBXFileReference; lastKnownFileType = image.png; path = "navbar_setting~iphone.png"; sourceTree = "<group>"; };
		785F6F6815820CA500BF8EA0 /* navbar_setting@2x~ipad.png */ = {isa = PBXFileReference; lastKnownFileType = image.png; path = "navbar_setting@2x~ipad.png"; sourceTree = "<group>"; };
		785F6F6915820CA500BF8EA0 /* navbar_setting~ipad.png */ = {isa = PBXFileReference; lastKnownFileType = image.png; path = "navbar_setting~ipad.png"; sourceTree = "<group>"; };
		785F6F791585A5A200BF8EA0 /* PullRefreshTableViewController.h */ = {isa = PBXFileReference; lastKnownFileType = sourcecode.c.h; path = PullRefreshTableViewController.h; sourceTree = "<group>"; };
		785F6F7A1585A5A200BF8EA0 /* PullRefreshTableViewController.m */ = {isa = PBXFileReference; lastKnownFileType = sourcecode.c.objc; path = PullRefreshTableViewController.m; sourceTree = "<group>"; };
		785F6F7B1585A95600BF8EA0 /* arrow.png */ = {isa = PBXFileReference; lastKnownFileType = image.png; path = arrow.png; sourceTree = "<group>"; };
		785FD5811580797F0056590D /* UIExpandingTextView.h */ = {isa = PBXFileReference; fileEncoding = 4; lastKnownFileType = sourcecode.c.h; path = UIExpandingTextView.h; sourceTree = "<group>"; };
		785FD5821580797F0056590D /* UIExpandingTextView.m */ = {isa = PBXFileReference; fileEncoding = 4; lastKnownFileType = sourcecode.c.objc; path = UIExpandingTextView.m; sourceTree = "<group>"; };
		785FD5831580797F0056590D /* UIExpandingTextViewInternal.h */ = {isa = PBXFileReference; fileEncoding = 4; lastKnownFileType = sourcecode.c.h; path = UIExpandingTextViewInternal.h; sourceTree = "<group>"; };
		785FD5841580797F0056590D /* UIExpandingTextViewInternal.m */ = {isa = PBXFileReference; fileEncoding = 4; lastKnownFileType = sourcecode.c.objc; path = UIExpandingTextViewInternal.m; sourceTree = "<group>"; };
		785FD5851580797F0056590D /* UIInputToolbar.h */ = {isa = PBXFileReference; fileEncoding = 4; lastKnownFileType = sourcecode.c.h; path = UIInputToolbar.h; sourceTree = "<group>"; };
		785FD5861580797F0056590D /* UIInputToolbar.m */ = {isa = PBXFileReference; fileEncoding = 4; lastKnownFileType = sourcecode.c.objc; path = UIInputToolbar.m; sourceTree = "<group>"; };
		785FD58A158079970056590D /* buttonbg@2x~iphone.png */ = {isa = PBXFileReference; lastKnownFileType = image.png; path = "buttonbg@2x~iphone.png"; sourceTree = "<group>"; };
		785FD58B158079970056590D /* buttonbg~iphone.png */ = {isa = PBXFileReference; lastKnownFileType = image.png; path = "buttonbg~iphone.png"; sourceTree = "<group>"; };
		785FD58C158079970056590D /* textbg@2x~iphone.png */ = {isa = PBXFileReference; lastKnownFileType = image.png; path = "textbg@2x~iphone.png"; sourceTree = "<group>"; };
		785FD58D158079970056590D /* textbg~iphone.png */ = {isa = PBXFileReference; lastKnownFileType = image.png; path = "textbg~iphone.png"; sourceTree = "<group>"; };
		785FD58E158079970056590D /* toolbarbg@2x~iphone.png */ = {isa = PBXFileReference; lastKnownFileType = image.png; path = "toolbarbg@2x~iphone.png"; sourceTree = "<group>"; };
		785FD58F158079970056590D /* toolbarbg~iphone.png */ = {isa = PBXFileReference; lastKnownFileType = image.png; path = "toolbarbg~iphone.png"; sourceTree = "<group>"; };
		78615B3A15788BCC003CF68A /* ABTableViewCell.h */ = {isa = PBXFileReference; lastKnownFileType = sourcecode.c.h; path = ABTableViewCell.h; sourceTree = "<group>"; };
		78615B3B15788BCD003CF68A /* ABTableViewCell.m */ = {isa = PBXFileReference; lastKnownFileType = sourcecode.c.objc; path = ABTableViewCell.m; sourceTree = "<group>"; };
		7876512B1575F23100E3DFD9 /* x.html */ = {isa = PBXFileReference; fileEncoding = 4; lastKnownFileType = text.html; path = x.html; sourceTree = "<group>"; };
		7876512C1575F23100E3DFD9 /* x_background.png */ = {isa = PBXFileReference; lastKnownFileType = image.png; path = x_background.png; sourceTree = "<group>"; };
		7876512F1576093500E3DFD9 /* Invitation.h */ = {isa = PBXFileReference; fileEncoding = 4; lastKnownFileType = sourcecode.c.h; path = Invitation.h; sourceTree = "<group>"; };
		787651301576093500E3DFD9 /* Invitation.m */ = {isa = PBXFileReference; fileEncoding = 4; lastKnownFileType = sourcecode.c.objc; path = Invitation.m; sourceTree = "<group>"; };
		7876513215760A4800E3DFD9 /* Identity.h */ = {isa = PBXFileReference; fileEncoding = 4; lastKnownFileType = sourcecode.c.h; path = Identity.h; sourceTree = "<group>"; };
		7876513315760A4800E3DFD9 /* Identity.m */ = {isa = PBXFileReference; fileEncoding = 4; lastKnownFileType = sourcecode.c.objc; path = Identity.m; sourceTree = "<group>"; };
		788312A615738D6100D67103 /* CrossCell.h */ = {isa = PBXFileReference; fileEncoding = 4; lastKnownFileType = sourcecode.c.h; path = CrossCell.h; sourceTree = "<group>"; };
		788312A715738D6100D67103 /* CrossCell.m */ = {isa = PBXFileReference; fileEncoding = 4; lastKnownFileType = sourcecode.c.objc; path = CrossCell.m; sourceTree = "<group>"; };
		788312A91574A5DE00D67103 /* ImgCache.h */ = {isa = PBXFileReference; lastKnownFileType = sourcecode.c.h; path = ImgCache.h; sourceTree = "<group>"; };
		788312AA1574A5DE00D67103 /* ImgCache.m */ = {isa = PBXFileReference; lastKnownFileType = sourcecode.c.objc; path = ImgCache.m; sourceTree = "<group>"; };
		78920EBA157CB0E1004F3901 /* Rsvp.h */ = {isa = PBXFileReference; fileEncoding = 4; lastKnownFileType = sourcecode.c.h; path = Rsvp.h; sourceTree = "<group>"; };
		78920EBB157CB0E1004F3901 /* Rsvp.m */ = {isa = PBXFileReference; fileEncoding = 4; lastKnownFileType = sourcecode.c.objc; path = Rsvp.m; sourceTree = "<group>"; };
		789C8CAB1591D9B700580624 /* EXImagesCollectionView.h */ = {isa = PBXFileReference; fileEncoding = 4; lastKnownFileType = sourcecode.c.h; path = EXImagesCollectionView.h; sourceTree = "<group>"; };
		789C8CAC1591D9B700580624 /* EXImagesCollectionView.m */ = {isa = PBXFileReference; fileEncoding = 4; lastKnownFileType = sourcecode.c.objc; path = EXImagesCollectionView.m; sourceTree = "<group>"; };
		78A834071588BBDB0019FDF5 /* ProfileCellView.h */ = {isa = PBXFileReference; fileEncoding = 4; lastKnownFileType = sourcecode.c.h; path = ProfileCellView.h; sourceTree = "<group>"; };
		78A834081588BBDB0019FDF5 /* ProfileCellView.m */ = {isa = PBXFileReference; fileEncoding = 4; lastKnownFileType = sourcecode.c.objc; path = ProfileCellView.m; sourceTree = "<group>"; };
		78A8340A1588BBEE0019FDF5 /* ProfileCellView.xib */ = {isa = PBXFileReference; fileEncoding = 4; lastKnownFileType = file.xib; path = ProfileCellView.xib; sourceTree = "<group>"; };
		78A8340C15899EFC0019FDF5 /* device_iPhone@2x~iphone.png */ = {isa = PBXFileReference; lastKnownFileType = image.png; path = "device_iPhone@2x~iphone.png"; sourceTree = "<group>"; };
		78A8340D15899EFD0019FDF5 /* device_iPhone~iphone.png */ = {isa = PBXFileReference; lastKnownFileType = image.png; path = "device_iPhone~iphone.png"; sourceTree = "<group>"; };
		78A8340E15899EFD0019FDF5 /* device_iPhone@2x~ipad.png */ = {isa = PBXFileReference; lastKnownFileType = image.png; path = "device_iPhone@2x~ipad.png"; sourceTree = "<group>"; };
		78A8340F15899EFD0019FDF5 /* device_iPhone~ipad.png */ = {isa = PBXFileReference; lastKnownFileType = image.png; path = "device_iPhone~ipad.png"; sourceTree = "<group>"; };
		78A98E871560F832009E0806 /* EXFE.app */ = {isa = PBXFileReference; explicitFileType = wrapper.application; includeInIndex = 0; path = EXFE.app; sourceTree = BUILT_PRODUCTS_DIR; };
		78A98E8B1560F832009E0806 /* UIKit.framework */ = {isa = PBXFileReference; lastKnownFileType = wrapper.framework; name = UIKit.framework; path = System/Library/Frameworks/UIKit.framework; sourceTree = SDKROOT; };
		78A98E8D1560F832009E0806 /* Foundation.framework */ = {isa = PBXFileReference; lastKnownFileType = wrapper.framework; name = Foundation.framework; path = System/Library/Frameworks/Foundation.framework; sourceTree = SDKROOT; };
		78A98E8F1560F832009E0806 /* CoreGraphics.framework */ = {isa = PBXFileReference; lastKnownFileType = wrapper.framework; name = CoreGraphics.framework; path = System/Library/Frameworks/CoreGraphics.framework; sourceTree = SDKROOT; };
		78A98E931560F832009E0806 /* EXFE-Info.plist */ = {isa = PBXFileReference; lastKnownFileType = text.plist.xml; path = "EXFE-Info.plist"; sourceTree = "<group>"; };
		78A98E951560F832009E0806 /* en */ = {isa = PBXFileReference; lastKnownFileType = text.plist.strings; name = en; path = en.lproj/InfoPlist.strings; sourceTree = "<group>"; };
		78A98E971560F832009E0806 /* main.m */ = {isa = PBXFileReference; lastKnownFileType = sourcecode.c.objc; path = main.m; sourceTree = "<group>"; };
		78A98E991560F832009E0806 /* EXFE-Prefix.pch */ = {isa = PBXFileReference; lastKnownFileType = sourcecode.c.h; path = "EXFE-Prefix.pch"; sourceTree = "<group>"; };
		78A98E9A1560F832009E0806 /* AppDelegate.h */ = {isa = PBXFileReference; lastKnownFileType = sourcecode.c.h; path = AppDelegate.h; sourceTree = "<group>"; };
		78A98E9B1560F832009E0806 /* AppDelegate.m */ = {isa = PBXFileReference; lastKnownFileType = sourcecode.c.objc; path = AppDelegate.m; sourceTree = "<group>"; };
		78A98ED615611028009E0806 /* RestKit.xcodeproj */ = {isa = PBXFileReference; lastKnownFileType = "wrapper.pb-project"; name = RestKit.xcodeproj; path = RestKit/RestKit.xcodeproj; sourceTree = "<group>"; };
		78A98EEE156110F0009E0806 /* CFNetwork.framework */ = {isa = PBXFileReference; lastKnownFileType = wrapper.framework; name = CFNetwork.framework; path = System/Library/Frameworks/CFNetwork.framework; sourceTree = SDKROOT; };
		78A98EF0156110F5009E0806 /* CoreData.framework */ = {isa = PBXFileReference; lastKnownFileType = wrapper.framework; name = CoreData.framework; path = System/Library/Frameworks/CoreData.framework; sourceTree = SDKROOT; };
		78A98EF2156110FB009E0806 /* MobileCoreServices.framework */ = {isa = PBXFileReference; lastKnownFileType = wrapper.framework; name = MobileCoreServices.framework; path = System/Library/Frameworks/MobileCoreServices.framework; sourceTree = SDKROOT; };
		78A98EF415611100009E0806 /* Security.framework */ = {isa = PBXFileReference; lastKnownFileType = wrapper.framework; name = Security.framework; path = System/Library/Frameworks/Security.framework; sourceTree = SDKROOT; };
		78A98EF615611107009E0806 /* SystemConfiguration.framework */ = {isa = PBXFileReference; lastKnownFileType = wrapper.framework; name = SystemConfiguration.framework; path = System/Library/Frameworks/SystemConfiguration.framework; sourceTree = SDKROOT; };
		78A98EF81561110C009E0806 /* QuartzCore.framework */ = {isa = PBXFileReference; lastKnownFileType = wrapper.framework; name = QuartzCore.framework; path = System/Library/Frameworks/QuartzCore.framework; sourceTree = SDKROOT; };
		78A98EFA15611113009E0806 /* libxml2.dylib */ = {isa = PBXFileReference; lastKnownFileType = "compiled.mach-o.dylib"; name = libxml2.dylib; path = usr/lib/libxml2.dylib; sourceTree = SDKROOT; };
		78A98F01156117D8009E0806 /* APICrosses.h */ = {isa = PBXFileReference; fileEncoding = 4; lastKnownFileType = sourcecode.c.h; path = APICrosses.h; sourceTree = "<group>"; };
		78A98F02156117D8009E0806 /* APICrosses.m */ = {isa = PBXFileReference; fileEncoding = 4; lastKnownFileType = sourcecode.c.objc; path = APICrosses.m; sourceTree = "<group>"; };
		78ADED6715998D93002B459A /* default_avatar@2x~ipad.png */ = {isa = PBXFileReference; lastKnownFileType = image.png; path = "default_avatar@2x~ipad.png"; sourceTree = "<group>"; };
		78ADED6815998D93002B459A /* default_avatar@2x~iphone.png */ = {isa = PBXFileReference; lastKnownFileType = image.png; path = "default_avatar@2x~iphone.png"; sourceTree = "<group>"; };
		78ADED6915998D93002B459A /* default_avatar~ipad.png */ = {isa = PBXFileReference; lastKnownFileType = image.png; path = "default_avatar~ipad.png"; sourceTree = "<group>"; };
		78ADED6A15998D93002B459A /* default_avatar~iphone.png */ = {isa = PBXFileReference; lastKnownFileType = image.png; path = "default_avatar~iphone.png"; sourceTree = "<group>"; };
		78C25AB8159D8211002AED1E /* EXPlaceEditView.h */ = {isa = PBXFileReference; fileEncoding = 4; lastKnownFileType = sourcecode.c.h; path = EXPlaceEditView.h; sourceTree = "<group>"; };
		78C25AB9159D8211002AED1E /* EXPlaceEditView.m */ = {isa = PBXFileReference; fileEncoding = 4; lastKnownFileType = sourcecode.c.objc; path = EXPlaceEditView.m; sourceTree = "<group>"; };
		78C8B0E215A71CA5005A44E1 /* closebutton.png */ = {isa = PBXFileReference; lastKnownFileType = image.png; path = closebutton.png; sourceTree = "<group>"; };
		78C8B0E315A71CA5005A44E1 /* closebutton@2x.png */ = {isa = PBXFileReference; lastKnownFileType = image.png; path = "closebutton@2x.png"; sourceTree = "<group>"; };
		78D0A5FB158CFAD200401BCA /* OAuthLoginViewController.h */ = {isa = PBXFileReference; lastKnownFileType = sourcecode.c.h; path = OAuthLoginViewController.h; sourceTree = "<group>"; };
		78D0A5FC158CFAD200401BCA /* OAuthLoginViewController.m */ = {isa = PBXFileReference; lastKnownFileType = sourcecode.c.objc; path = OAuthLoginViewController.m; sourceTree = "<group>"; };
		78D0A5FD158CFAD200401BCA /* OAuthLoginViewController.xib */ = {isa = PBXFileReference; lastKnownFileType = file.xib; path = OAuthLoginViewController.xib; sourceTree = "<group>"; };
		78D0A5FE158CFAD200401BCA /* URLParser.h */ = {isa = PBXFileReference; lastKnownFileType = sourcecode.c.h; path = URLParser.h; sourceTree = "<group>"; };
		78D0A5FF158CFAD200401BCA /* URLParser.m */ = {isa = PBXFileReference; lastKnownFileType = sourcecode.c.objc; path = URLParser.m; sourceTree = "<group>"; };
		78DABCE7158B236C004447B5 /* Meta.h */ = {isa = PBXFileReference; fileEncoding = 4; lastKnownFileType = sourcecode.c.h; path = Meta.h; sourceTree = "<group>"; };
		78DABCE8158B236C004447B5 /* Meta.m */ = {isa = PBXFileReference; fileEncoding = 4; lastKnownFileType = sourcecode.c.objc; path = Meta.m; sourceTree = "<group>"; };
		78E4EE581581D02B00AE6211 /* ConversationTableView.h */ = {isa = PBXFileReference; fileEncoding = 4; lastKnownFileType = sourcecode.c.h; path = ConversationTableView.h; sourceTree = "<group>"; };
		78E4EE591581D02B00AE6211 /* ConversationTableView.m */ = {isa = PBXFileReference; fileEncoding = 4; lastKnownFileType = sourcecode.c.objc; path = ConversationTableView.m; sourceTree = "<group>"; };
		78E837F8156658A300763A60 /* Model.xcdatamodel */ = {isa = PBXFileReference; lastKnownFileType = wrapper.xcdatamodel; path = Model.xcdatamodel; sourceTree = "<group>"; };
		78E8873F156244E70026D197 /* CrossesViewController.h */ = {isa = PBXFileReference; fileEncoding = 4; lastKnownFileType = sourcecode.c.h; path = CrossesViewController.h; sourceTree = "<group>"; };
		78E88740156244E70026D197 /* CrossesViewController.m */ = {isa = PBXFileReference; fileEncoding = 4; lastKnownFileType = sourcecode.c.objc; path = CrossesViewController.m; sourceTree = "<group>"; };
		78E88741156244E70026D197 /* CrossesViewController.xib */ = {isa = PBXFileReference; fileEncoding = 4; lastKnownFileType = file.xib; path = CrossesViewController.xib; sourceTree = "<group>"; };
		78EA70F71585D4E70097A528 /* Cross.h */ = {isa = PBXFileReference; fileEncoding = 4; lastKnownFileType = sourcecode.c.h; path = Cross.h; sourceTree = "<group>"; };
		78EA70F81585D4E70097A528 /* Cross.m */ = {isa = PBXFileReference; fileEncoding = 4; lastKnownFileType = sourcecode.c.objc; path = Cross.m; sourceTree = "<group>"; };
		78F057FC1599A57B00F360F2 /* PlaceViewController.h */ = {isa = PBXFileReference; fileEncoding = 4; lastKnownFileType = sourcecode.c.h; path = PlaceViewController.h; sourceTree = "<group>"; };
		78F057FD1599A57B00F360F2 /* PlaceViewController.m */ = {isa = PBXFileReference; fileEncoding = 4; lastKnownFileType = sourcecode.c.objc; path = PlaceViewController.m; sourceTree = "<group>"; };
		78F057FE1599A57C00F360F2 /* PlaceViewController.xib */ = {isa = PBXFileReference; fileEncoding = 4; lastKnownFileType = file.xib; path = PlaceViewController.xib; sourceTree = "<group>"; };
		78F058011599B1BD00F360F2 /* MapKit.framework */ = {isa = PBXFileReference; lastKnownFileType = wrapper.framework; name = MapKit.framework; path = System/Library/Frameworks/MapKit.framework; sourceTree = SDKROOT; };
		78F058031599C30200F360F2 /* CoreLocation.framework */ = {isa = PBXFileReference; lastKnownFileType = wrapper.framework; name = CoreLocation.framework; path = System/Library/Frameworks/CoreLocation.framework; sourceTree = SDKROOT; };
		78F05809159B708F00F360F2 /* APIPlace.h */ = {isa = PBXFileReference; fileEncoding = 4; lastKnownFileType = sourcecode.c.h; path = APIPlace.h; sourceTree = "<group>"; };
		78F0580A159B708F00F360F2 /* APIPlace.m */ = {isa = PBXFileReference; fileEncoding = 4; lastKnownFileType = sourcecode.c.objc; path = APIPlace.m; sourceTree = "<group>"; };
/* End PBXFileReference section */

/* Begin PBXFrameworksBuildPhase section */
		78A98E841560F832009E0806 /* Frameworks */ = {
			isa = PBXFrameworksBuildPhase;
			buildActionMask = 2147483647;
			files = (
				78F058041599C30200F360F2 /* CoreLocation.framework in Frameworks */,
				78F058021599B1BE00F360F2 /* MapKit.framework in Frameworks */,
				789C8D6F159334ED00580624 /* libRestKit.a in Frameworks */,
				78A98EFB15611113009E0806 /* libxml2.dylib in Frameworks */,
				78A98EF91561110C009E0806 /* QuartzCore.framework in Frameworks */,
				78A98EF715611107009E0806 /* SystemConfiguration.framework in Frameworks */,
				78A98EF515611101009E0806 /* Security.framework in Frameworks */,
				78A98EF3156110FB009E0806 /* MobileCoreServices.framework in Frameworks */,
				78A98EF1156110F5009E0806 /* CoreData.framework in Frameworks */,
				78A98EEF156110F0009E0806 /* CFNetwork.framework in Frameworks */,
				78A98E8C1560F832009E0806 /* UIKit.framework in Frameworks */,
				78A98E8E1560F832009E0806 /* Foundation.framework in Frameworks */,
				78A98E901560F832009E0806 /* CoreGraphics.framework in Frameworks */,
			);
			runOnlyForDeploymentPostprocessing = 0;
		};
/* End PBXFrameworksBuildPhase section */

/* Begin PBXGroup section */
		7825A5C415A2CE3E00A853CD /* gather */ = {
			isa = PBXGroup;
			children = (
				78415361159D672A002B7A2E /* WildcardGestureRecognizer.h */,
				78415362159D672A002B7A2E /* WildcardGestureRecognizer.m */,
				7832B663158DAEAA007A052D /* GatherViewController.h */,
				7832B664158DAEAA007A052D /* GatherViewController.m */,
				7832B665158DAEAA007A052D /* GatherViewController.xib */,
				78F057FC1599A57B00F360F2 /* PlaceViewController.h */,
				78F057FD1599A57B00F360F2 /* PlaceViewController.m */,
				78F057FE1599A57C00F360F2 /* PlaceViewController.xib */,
			);
			name = gather;
			sourceTree = "<group>";
		};
		782B3CC7156B918B00721150 /* User */ = {
			isa = PBXGroup;
			children = (
				782B3CB4156B809F00721150 /* LandingViewController.h */,
				782B3CB5156B809F00721150 /* LandingViewController.m */,
				782B3CB6156B809F00721150 /* LandingViewController.xib */,
				78D0A5FB158CFAD200401BCA /* OAuthLoginViewController.h */,
				78D0A5FC158CFAD200401BCA /* OAuthLoginViewController.m */,
				78D0A5FD158CFAD200401BCA /* OAuthLoginViewController.xib */,
				782B3CD6156B997200721150 /* SigninViewController.h */,
				782B3CD7156B997200721150 /* SigninViewController.m */,
				782B3CD8156B997200721150 /* SigninViewController.xib */,
				785F6F6115820A0000BF8EA0 /* ProfileViewController.h */,
				785F6F6215820A0000BF8EA0 /* ProfileViewController.m */,
				785F6F6315820A0000BF8EA0 /* ProfileViewController.xib */,
			);
			name = User;
			sourceTree = "<group>";
		};
		782B3CCB156B946100721150 /* Resource */ = {
			isa = PBXGroup;
			children = (
				7876512B1575F23100E3DFD9 /* x.html */,
				7876512C1575F23100E3DFD9 /* x_background.png */,
				78C8B0E215A71CA5005A44E1 /* closebutton.png */,
				78C8B0E315A71CA5005A44E1 /* closebutton@2x.png */,
				785F6F7B1585A95600BF8EA0 /* arrow.png */,
				7840917B15732CA5006DF115 /* chat@2x~iphone.png */,
				7840917C15732CA5006DF115 /* chat~iphone.png */,
				7840917D15732CA5006DF115 /* chat@2x~ipad.png */,
				7840917E15732CA5006DF115 /* chat~ipad.png */,
				782B3CCC156B948600721150 /* twitter@2x~ipad.png */,
				782B3CCD156B948600721150 /* twitter@2x~iphone.png */,
				782B3CCE156B948600721150 /* twitter~ipad.png */,
				782B3CCF156B948600721150 /* twitter~iphone.png */,
				785FD58A158079970056590D /* buttonbg@2x~iphone.png */,
				785FD58B158079970056590D /* buttonbg~iphone.png */,
				785FD58C158079970056590D /* textbg@2x~iphone.png */,
				785FD58D158079970056590D /* textbg~iphone.png */,
				785FD58E158079970056590D /* toolbarbg@2x~iphone.png */,
				785FD58F158079970056590D /* toolbarbg~iphone.png */,
				785F6F6615820CA500BF8EA0 /* navbar_setting@2x~iphone.png */,
				785F6F6715820CA500BF8EA0 /* navbar_setting~iphone.png */,
				785F6F6815820CA500BF8EA0 /* navbar_setting@2x~ipad.png */,
				785F6F6915820CA500BF8EA0 /* navbar_setting~ipad.png */,
				78A8340C15899EFC0019FDF5 /* device_iPhone@2x~iphone.png */,
				78A8340D15899EFD0019FDF5 /* device_iPhone~iphone.png */,
				78A8340E15899EFD0019FDF5 /* device_iPhone@2x~ipad.png */,
				78A8340F15899EFD0019FDF5 /* device_iPhone~ipad.png */,
				78ADED6715998D93002B459A /* default_avatar@2x~ipad.png */,
				78ADED6815998D93002B459A /* default_avatar@2x~iphone.png */,
				78ADED6915998D93002B459A /* default_avatar~ipad.png */,
				78ADED6A15998D93002B459A /* default_avatar~iphone.png */,
			);
			name = Resource;
			path = ..;
			sourceTree = "<group>";
		};
		78409164156F3AA7006DF115 /* Cross */ = {
			isa = PBXGroup;
			children = (
				7825A5C415A2CE3E00A853CD /* gather */,
				78E8873F156244E70026D197 /* CrossesViewController.h */,
				78E88740156244E70026D197 /* CrossesViewController.m */,
				78E88741156244E70026D197 /* CrossesViewController.xib */,
				78409165156F3AC3006DF115 /* CrossDetailViewController.h */,
				78409166156F3AC3006DF115 /* CrossDetailViewController.m */,
				78409167156F3AC3006DF115 /* CrossDetailViewController.xib */,
				7840917615732A90006DF115 /* ConversationViewController.h */,
				7840917715732A90006DF115 /* ConversationViewController.m */,
				7840917815732A91006DF115 /* ConversationViewController.xib */,
			);
			name = Cross;
			sourceTree = "<group>";
		};
		785FD54E158065610056590D /* lib */ = {
			isa = PBXGroup;
			children = (
				785F6F791585A5A200BF8EA0 /* PullRefreshTableViewController.h */,
				785F6F7A1585A5A200BF8EA0 /* PullRefreshTableViewController.m */,
				785FD54F158065820056590D /* UIInputToolbar */,
			);
			name = lib;
			sourceTree = "<group>";
		};
		785FD54F158065820056590D /* UIInputToolbar */ = {
			isa = PBXGroup;
			children = (
				785FD5811580797F0056590D /* UIExpandingTextView.h */,
				785FD5821580797F0056590D /* UIExpandingTextView.m */,
				785FD5831580797F0056590D /* UIExpandingTextViewInternal.h */,
				785FD5841580797F0056590D /* UIExpandingTextViewInternal.m */,
				785FD5851580797F0056590D /* UIInputToolbar.h */,
				785FD5861580797F0056590D /* UIInputToolbar.m */,
			);
			name = UIInputToolbar;
			sourceTree = "<group>";
		};
		788312A515738D2600D67103 /* Cell */ = {
			isa = PBXGroup;
			children = (
				78615B3A15788BCC003CF68A /* ABTableViewCell.h */,
				78615B3B15788BCD003CF68A /* ABTableViewCell.m */,
				788312A615738D6100D67103 /* CrossCell.h */,
				788312A715738D6100D67103 /* CrossCell.m */,
				780D27A5157F4AB100402460 /* PostCell.h */,
				780D27A6157F4AB100402460 /* PostCell.m */,
				78A834071588BBDB0019FDF5 /* ProfileCellView.h */,
				78A834081588BBDB0019FDF5 /* ProfileCellView.m */,
				78A8340A1588BBEE0019FDF5 /* ProfileCellView.xib */,
			);
			name = Cell;
			sourceTree = "<group>";
		};
		78A98E7C1560F832009E0806 = {
			isa = PBXGroup;
			children = (
				78A98ED615611028009E0806 /* RestKit.xcodeproj */,
				78A98E911560F832009E0806 /* EXFE */,
				78A98E8A1560F832009E0806 /* Frameworks */,
				78A98E881560F832009E0806 /* Products */,
			);
			sourceTree = "<group>";
		};
		78A98E881560F832009E0806 /* Products */ = {
			isa = PBXGroup;
			children = (
				78A98E871560F832009E0806 /* EXFE.app */,
			);
			name = Products;
			sourceTree = "<group>";
		};
		78A98E8A1560F832009E0806 /* Frameworks */ = {
			isa = PBXGroup;
			children = (
				78F058031599C30200F360F2 /* CoreLocation.framework */,
				78F058011599B1BD00F360F2 /* MapKit.framework */,
				78A98EFA15611113009E0806 /* libxml2.dylib */,
				78A98EF81561110C009E0806 /* QuartzCore.framework */,
				78A98EF615611107009E0806 /* SystemConfiguration.framework */,
				78A98EF415611100009E0806 /* Security.framework */,
				78A98EF2156110FB009E0806 /* MobileCoreServices.framework */,
				78A98EF0156110F5009E0806 /* CoreData.framework */,
				78A98EEE156110F0009E0806 /* CFNetwork.framework */,
				78A98E8B1560F832009E0806 /* UIKit.framework */,
				78A98E8D1560F832009E0806 /* Foundation.framework */,
				78A98E8F1560F832009E0806 /* CoreGraphics.framework */,
			);
			name = Frameworks;
			sourceTree = "<group>";
		};
		78A98E911560F832009E0806 /* EXFE */ = {
			isa = PBXGroup;
			children = (
				785FD54E158065610056590D /* lib */,
				78E8873E156244BD0026D197 /* UI */,
				78A98F00156117BE009E0806 /* API */,
				78A98EFC1561169E009E0806 /* Class */,
				78A98E9A1560F832009E0806 /* AppDelegate.h */,
				78A98E9B1560F832009E0806 /* AppDelegate.m */,
				78E837F7156658A300763A60 /* Model.xcdatamodeld */,
				7840916A156F6AA4006DF115 /* Util.h */,
				7840916B156F6AA5006DF115 /* Util.m */,
				78D0A5FE158CFAD200401BCA /* URLParser.h */,
				78D0A5FF158CFAD200401BCA /* URLParser.m */,
				788312A91574A5DE00D67103 /* ImgCache.h */,
				788312AA1574A5DE00D67103 /* ImgCache.m */,
				782B3CCB156B946100721150 /* Resource */,
				78A98E921560F832009E0806 /* Supporting Files */,
			);
			path = EXFE;
			sourceTree = "<group>";
		};
		78A98E921560F832009E0806 /* Supporting Files */ = {
			isa = PBXGroup;
			children = (
				78A98E931560F832009E0806 /* EXFE-Info.plist */,
				78A98E941560F832009E0806 /* InfoPlist.strings */,
				78A98E971560F832009E0806 /* main.m */,
				78A98E991560F832009E0806 /* EXFE-Prefix.pch */,
			);
			name = "Supporting Files";
			sourceTree = "<group>";
		};
		78A98ED715611028009E0806 /* Products */ = {
			isa = PBXGroup;
			children = (
				789C8D6115931BF100580624 /* libRestKit.a */,
				789C8D6315931BF100580624 /* RestKitTests.octest */,
				789C8D6515931BF100580624 /* RestKit.framework */,
				789C8D6715931BF100580624 /* RestKitFrameworkTests.octest */,
				789C8D6915931BF100580624 /* RestKitResources.bundle */,
			);
			name = Products;
			sourceTree = "<group>";
		};
		78A98EFC1561169E009E0806 /* Class */ = {
			isa = PBXGroup;
			children = (
				78DABCE7158B236C004447B5 /* Meta.h */,
				78DABCE8158B236C004447B5 /* Meta.m */,
				78EA70F71585D4E70097A528 /* Cross.h */,
				78EA70F81585D4E70097A528 /* Cross.m */,
				785F6F5E158204FE00BF8EA0 /* User.h */,
				785F6F5F158204FE00BF8EA0 /* User.m */,
				782B3CA3156A604A00721150 /* EFTime.h */,
				782B3CA4156A604A00721150 /* EFTime.m */,
				782B3CA9156A604C00721150 /* CrossTime.h */,
				782B3CAA156A604C00721150 /* CrossTime.m */,
				78920EBA157CB0E1004F3901 /* Rsvp.h */,
				78920EBB157CB0E1004F3901 /* Rsvp.m */,
				780D27A2157F368800402460 /* Post.h */,
				780D27A3157F368900402460 /* Post.m */,
				7876513215760A4800E3DFD9 /* Identity.h */,
				7876513315760A4800E3DFD9 /* Identity.m */,
				7876512F1576093500E3DFD9 /* Invitation.h */,
				787651301576093500E3DFD9 /* Invitation.m */,
				782B3C9A156A519D00721150 /* Exfee.h */,
				782B3C9B156A519D00721150 /* Exfee.m */,
				785D8134156A1AE400FC0984 /* Place.h */,
				785D8135156A1AE400FC0984 /* Place.m */,
			);
			name = Class;
			sourceTree = "<group>";
		};
		78A98F00156117BE009E0806 /* API */ = {
			isa = PBXGroup;
			children = (
				78A98F01156117D8009E0806 /* APICrosses.h */,
				78A98F02156117D8009E0806 /* APICrosses.m */,
				78409170156F80A6006DF115 /* APIConversation.h */,
				78409171156F80A6006DF115 /* APIConversation.m */,
				78409173156F81E6006DF115 /* Mapping.h */,
				78409174156F81E6006DF115 /* Mapping.m */,
				785F6F521581DE4C00BF8EA0 /* APIProfile.h */,
				785F6F531581DE4C00BF8EA0 /* APIProfile.m */,
				78F05809159B708F00F360F2 /* APIPlace.h */,
				78F0580A159B708F00F360F2 /* APIPlace.m */,
			);
			name = API;
			sourceTree = "<group>";
		};
		78C25AB7159D81ED002AED1E /* CustomView */ = {
			isa = PBXGroup;
			children = (
				789C8CAB1591D9B700580624 /* EXImagesCollectionView.h */,
				789C8CAC1591D9B700580624 /* EXImagesCollectionView.m */,
				78C25AB8159D8211002AED1E /* EXPlaceEditView.h */,
				78C25AB9159D8211002AED1E /* EXPlaceEditView.m */,
			);
			name = CustomView;
			sourceTree = "<group>";
		};
		78E4EE571581CFF000AE6211 /* View */ = {
			isa = PBXGroup;
			children = (
				78E4EE581581D02B00AE6211 /* ConversationTableView.h */,
				78E4EE591581D02B00AE6211 /* ConversationTableView.m */,
				78415344159C3F5C002B7A2E /* PlaceAnnotation.h */,
				78415345159C3F5C002B7A2E /* PlaceAnnotation.m */,
			);
			name = View;
			sourceTree = "<group>";
		};
		78E8873E156244BD0026D197 /* UI */ = {
			isa = PBXGroup;
			children = (
				78C25AB7159D81ED002AED1E /* CustomView */,
				78E4EE571581CFF000AE6211 /* View */,
				788312A515738D2600D67103 /* Cell */,
				78409164156F3AA7006DF115 /* Cross */,
				782B3CC7156B918B00721150 /* User */,
			);
			name = UI;
			sourceTree = "<group>";
		};
/* End PBXGroup section */

/* Begin PBXNativeTarget section */
		78A98E861560F832009E0806 /* EXFE */ = {
			isa = PBXNativeTarget;
			buildConfigurationList = 78A98E9F1560F832009E0806 /* Build configuration list for PBXNativeTarget "EXFE" */;
			buildPhases = (
				78A98E831560F832009E0806 /* Sources */,
				78A98E841560F832009E0806 /* Frameworks */,
				78A98E851560F832009E0806 /* Resources */,
			);
			buildRules = (
			);
			dependencies = (
				78A98EEC156110C6009E0806 /* PBXTargetDependency */,
			);
			name = EXFE;
			productName = EXFE;
			productReference = 78A98E871560F832009E0806 /* EXFE.app */;
			productType = "com.apple.product-type.application";
		};
/* End PBXNativeTarget section */

/* Begin PBXProject section */
		78A98E7E1560F832009E0806 /* Project object */ = {
			isa = PBXProject;
			attributes = {
				LastUpgradeCheck = 0430;
			};
			buildConfigurationList = 78A98E811560F832009E0806 /* Build configuration list for PBXProject "EXFE" */;
			compatibilityVersion = "Xcode 3.2";
			developmentRegion = English;
			hasScannedForEncodings = 0;
			knownRegions = (
				en,
			);
			mainGroup = 78A98E7C1560F832009E0806;
			productRefGroup = 78A98E881560F832009E0806 /* Products */;
			projectDirPath = "";
			projectReferences = (
				{
					ProductGroup = 78A98ED715611028009E0806 /* Products */;
					ProjectRef = 78A98ED615611028009E0806 /* RestKit.xcodeproj */;
				},
			);
			projectRoot = "";
			targets = (
				78A98E861560F832009E0806 /* EXFE */,
			);
		};
/* End PBXProject section */

/* Begin PBXReferenceProxy section */
		789C8D6115931BF100580624 /* libRestKit.a */ = {
			isa = PBXReferenceProxy;
			fileType = archive.ar;
			path = libRestKit.a;
			remoteRef = 789C8D6015931BF100580624 /* PBXContainerItemProxy */;
			sourceTree = BUILT_PRODUCTS_DIR;
		};
		789C8D6315931BF100580624 /* RestKitTests.octest */ = {
			isa = PBXReferenceProxy;
			fileType = wrapper.cfbundle;
			path = RestKitTests.octest;
			remoteRef = 789C8D6215931BF100580624 /* PBXContainerItemProxy */;
			sourceTree = BUILT_PRODUCTS_DIR;
		};
		789C8D6515931BF100580624 /* RestKit.framework */ = {
			isa = PBXReferenceProxy;
			fileType = wrapper.framework;
			path = RestKit.framework;
			remoteRef = 789C8D6415931BF100580624 /* PBXContainerItemProxy */;
			sourceTree = BUILT_PRODUCTS_DIR;
		};
		789C8D6715931BF100580624 /* RestKitFrameworkTests.octest */ = {
			isa = PBXReferenceProxy;
			fileType = wrapper.cfbundle;
			path = RestKitFrameworkTests.octest;
			remoteRef = 789C8D6615931BF100580624 /* PBXContainerItemProxy */;
			sourceTree = BUILT_PRODUCTS_DIR;
		};
		789C8D6915931BF100580624 /* RestKitResources.bundle */ = {
			isa = PBXReferenceProxy;
			fileType = wrapper.cfbundle;
			path = RestKitResources.bundle;
			remoteRef = 789C8D6815931BF100580624 /* PBXContainerItemProxy */;
			sourceTree = BUILT_PRODUCTS_DIR;
		};
/* End PBXReferenceProxy section */

/* Begin PBXResourcesBuildPhase section */
		78A98E851560F832009E0806 /* Resources */ = {
			isa = PBXResourcesBuildPhase;
			buildActionMask = 2147483647;
			files = (
				78A98E961560F832009E0806 /* InfoPlist.strings in Resources */,
				78E88743156244E70026D197 /* CrossesViewController.xib in Resources */,
				782B3CB8156B80A000721150 /* LandingViewController.xib in Resources */,
				782B3CD0156B948600721150 /* twitter@2x~ipad.png in Resources */,
				782B3CD1156B948600721150 /* twitter@2x~iphone.png in Resources */,
				782B3CD2156B948600721150 /* twitter~ipad.png in Resources */,
				782B3CD3156B948600721150 /* twitter~iphone.png in Resources */,
				782B3CDA156B997200721150 /* SigninViewController.xib in Resources */,
				78409169156F3AC3006DF115 /* CrossDetailViewController.xib in Resources */,
				7840917F15732CA5006DF115 /* chat@2x~iphone.png in Resources */,
				7840918015732CA5006DF115 /* chat~iphone.png in Resources */,
				7840918115732CA5006DF115 /* chat@2x~ipad.png in Resources */,
				7840918215732CA5006DF115 /* chat~ipad.png in Resources */,
				7876512D1575F23100E3DFD9 /* x.html in Resources */,
				7876512E1575F23100E3DFD9 /* x_background.png in Resources */,
				78615B401578CC22003CF68A /* ConversationViewController.xib in Resources */,
				785FD590158079970056590D /* buttonbg@2x~iphone.png in Resources */,
				785FD591158079970056590D /* buttonbg~iphone.png in Resources */,
				785FD592158079970056590D /* textbg@2x~iphone.png in Resources */,
				785FD593158079970056590D /* textbg~iphone.png in Resources */,
				785FD594158079970056590D /* toolbarbg@2x~iphone.png in Resources */,
				785FD595158079970056590D /* toolbarbg~iphone.png in Resources */,
				785F6F6515820A0000BF8EA0 /* ProfileViewController.xib in Resources */,
				785F6F6A15820CA500BF8EA0 /* navbar_setting@2x~iphone.png in Resources */,
				785F6F6B15820CA500BF8EA0 /* navbar_setting~iphone.png in Resources */,
				785F6F6C15820CA500BF8EA0 /* navbar_setting@2x~ipad.png in Resources */,
				785F6F6D15820CA500BF8EA0 /* navbar_setting~ipad.png in Resources */,
				785F6F7C1585A95600BF8EA0 /* arrow.png in Resources */,
				78A8340B1588BBEE0019FDF5 /* ProfileCellView.xib in Resources */,
				78A8341015899EFD0019FDF5 /* device_iPhone@2x~iphone.png in Resources */,
				78A8341115899EFD0019FDF5 /* device_iPhone~iphone.png in Resources */,
				78A8341215899EFD0019FDF5 /* device_iPhone@2x~ipad.png in Resources */,
				78A8341315899EFD0019FDF5 /* device_iPhone~ipad.png in Resources */,
				78D0A602158CFE1900401BCA /* OAuthLoginViewController.xib in Resources */,
				7832B667158DAEAA007A052D /* GatherViewController.xib in Resources */,
				78ADED6B15998D93002B459A /* default_avatar@2x~ipad.png in Resources */,
				78ADED6C15998D93002B459A /* default_avatar@2x~iphone.png in Resources */,
				78ADED6D15998D93002B459A /* default_avatar~ipad.png in Resources */,
				78ADED6E15998D93002B459A /* default_avatar~iphone.png in Resources */,
				78F058001599A57C00F360F2 /* PlaceViewController.xib in Resources */,
				78C8B0E415A71CA5005A44E1 /* closebutton.png in Resources */,
				78C8B0E515A71CA5005A44E1 /* closebutton@2x.png in Resources */,
			);
			runOnlyForDeploymentPostprocessing = 0;
		};
/* End PBXResourcesBuildPhase section */

/* Begin PBXSourcesBuildPhase section */
		78A98E831560F832009E0806 /* Sources */ = {
			isa = PBXSourcesBuildPhase;
			buildActionMask = 2147483647;
			files = (
				78A98E981560F832009E0806 /* main.m in Sources */,
				78A98E9C1560F832009E0806 /* AppDelegate.m in Sources */,
				78A98F03156117D8009E0806 /* APICrosses.m in Sources */,
				78E88742156244E70026D197 /* CrossesViewController.m in Sources */,
				78E837F9156658A300763A60 /* Model.xcdatamodeld in Sources */,
				785D8136156A1AE400FC0984 /* Place.m in Sources */,
				782B3C9C156A519D00721150 /* Exfee.m in Sources */,
				782B3CA5156A604A00721150 /* EFTime.m in Sources */,
				782B3CAB156A604C00721150 /* CrossTime.m in Sources */,
				782B3CB7156B80A000721150 /* LandingViewController.m in Sources */,
				782B3CD9156B997200721150 /* SigninViewController.m in Sources */,
				78409168156F3AC3006DF115 /* CrossDetailViewController.m in Sources */,
				7840916C156F6AA5006DF115 /* Util.m in Sources */,
				78409172156F80A7006DF115 /* APIConversation.m in Sources */,
				78409175156F81E6006DF115 /* Mapping.m in Sources */,
				7840917915732A91006DF115 /* ConversationViewController.m in Sources */,
				788312A815738D6100D67103 /* CrossCell.m in Sources */,
				788312AB1574A63600D67103 /* ImgCache.m in Sources */,
				787651311576093500E3DFD9 /* Invitation.m in Sources */,
				7876513415760A4900E3DFD9 /* Identity.m in Sources */,
				78615B3C15788BD5003CF68A /* ABTableViewCell.m in Sources */,
				78920EBC157CB0E1004F3901 /* Rsvp.m in Sources */,
				780D27A4157F368900402460 /* Post.m in Sources */,
				780D27A7157F4AB100402460 /* PostCell.m in Sources */,
				785FD5871580797F0056590D /* UIExpandingTextView.m in Sources */,
				785FD5881580797F0056590D /* UIExpandingTextViewInternal.m in Sources */,
				785FD5891580797F0056590D /* UIInputToolbar.m in Sources */,
				78E4EE5A1581D02B00AE6211 /* ConversationTableView.m in Sources */,
				785F6F541581DE4C00BF8EA0 /* APIProfile.m in Sources */,
				785F6F60158204FE00BF8EA0 /* User.m in Sources */,
				785F6F6415820A0000BF8EA0 /* ProfileViewController.m in Sources */,
				785F6F7D1585A95D00BF8EA0 /* PullRefreshTableViewController.m in Sources */,
				78EA70F91585D4E70097A528 /* Cross.m in Sources */,
				78A834091588BBDC0019FDF5 /* ProfileCellView.m in Sources */,
				78DABCE9158B236C004447B5 /* Meta.m in Sources */,
				78D0A600158CFB4C00401BCA /* OAuthLoginViewController.m in Sources */,
				78D0A601158CFB5F00401BCA /* URLParser.m in Sources */,
				7832B666158DAEAA007A052D /* GatherViewController.m in Sources */,
				789C8CAD1591D9B700580624 /* EXImagesCollectionView.m in Sources */,
				78F057FF1599A57C00F360F2 /* PlaceViewController.m in Sources */,
				78F0580B159B708F00F360F2 /* APIPlace.m in Sources */,
				78415346159C3F5C002B7A2E /* PlaceAnnotation.m in Sources */,
				78415363159D6766002B7A2E /* WildcardGestureRecognizer.m in Sources */,
				78C25ABA159D8211002AED1E /* EXPlaceEditView.m in Sources */,
			);
			runOnlyForDeploymentPostprocessing = 0;
		};
/* End PBXSourcesBuildPhase section */

/* Begin PBXTargetDependency section */
		78A98EEC156110C6009E0806 /* PBXTargetDependency */ = {
			isa = PBXTargetDependency;
			name = RestKit;
			targetProxy = 78A98EEB156110C6009E0806 /* PBXContainerItemProxy */;
		};
/* End PBXTargetDependency section */

/* Begin PBXVariantGroup section */
		78A98E941560F832009E0806 /* InfoPlist.strings */ = {
			isa = PBXVariantGroup;
			children = (
				78A98E951560F832009E0806 /* en */,
			);
			name = InfoPlist.strings;
			sourceTree = "<group>";
		};
/* End PBXVariantGroup section */

/* Begin XCBuildConfiguration section */
		78A98E9D1560F832009E0806 /* Debug */ = {
			isa = XCBuildConfiguration;
			buildSettings = {
				ALWAYS_SEARCH_USER_PATHS = NO;
				ARCHS = "$(ARCHS_STANDARD_32_BIT)";
				CODE_SIGN_IDENTITY = "iPhone Developer: Heng Duanmu (Y8Y7R577E7)";
				"CODE_SIGN_IDENTITY[sdk=iphoneos*]" = "iPhone Developer";
				COPY_PHASE_STRIP = NO;
				GCC_C_LANGUAGE_STANDARD = gnu99;
				GCC_DYNAMIC_NO_PIC = NO;
				GCC_OPTIMIZATION_LEVEL = 0;
				GCC_PREPROCESSOR_DEFINITIONS = (
					"DEBUG=1",
					RESTKIT_GENERATE_SEED_DB,
				);
				GCC_SYMBOLS_PRIVATE_EXTERN = NO;
				GCC_VERSION = com.apple.compilers.llvm.clang.1_0;
				GCC_WARN_ABOUT_RETURN_TYPE = YES;
				GCC_WARN_UNINITIALIZED_AUTOS = YES;
				GCC_WARN_UNUSED_VARIABLE = YES;
				HEADER_SEARCH_PATHS = "\"$(BUILT_PRODUCTS_DIR)/../../Headers\"";
				IPHONEOS_DEPLOYMENT_TARGET = 4.3;
				OTHER_LDFLAGS = (
					"-ObjC",
					"-all_load",
				);
				PROVISIONING_PROFILE = "78F89A6D-5A91-476F-BF39-2B5440E0C4D4";
				SDKROOT = iphoneos;
				TARGETED_DEVICE_FAMILY = "1,2";
			};
			name = Debug;
		};
		78A98E9E1560F832009E0806 /* Release */ = {
			isa = XCBuildConfiguration;
			buildSettings = {
				ALWAYS_SEARCH_USER_PATHS = NO;
				ARCHS = "$(ARCHS_STANDARD_32_BIT)";
				CODE_SIGN_IDENTITY = "iPhone Distribution: EXFE HOLDINGS";
				"CODE_SIGN_IDENTITY[sdk=iphoneos*]" = "iPhone Developer";
				COPY_PHASE_STRIP = YES;
				GCC_C_LANGUAGE_STANDARD = gnu99;
				GCC_PREPROCESSOR_DEFINITIONS = RESTKIT_GENERATE_SEED_DB;
				GCC_VERSION = com.apple.compilers.llvm.clang.1_0;
				GCC_WARN_ABOUT_RETURN_TYPE = YES;
				GCC_WARN_UNINITIALIZED_AUTOS = YES;
				GCC_WARN_UNUSED_VARIABLE = YES;
				HEADER_SEARCH_PATHS = "\"$(BUILT_PRODUCTS_DIR)/../../Headers\"";
				IPHONEOS_DEPLOYMENT_TARGET = 4.3;
				OTHER_CFLAGS = "-DNS_BLOCK_ASSERTIONS=1";
				OTHER_LDFLAGS = (
					"-ObjC",
					"-all_load",
				);
				PROVISIONING_PROFILE = "CA2443E9-B682-44E7-ACA6-AB39CD0EAAF0";
				SDKROOT = iphoneos;
				TARGETED_DEVICE_FAMILY = "1,2";
				VALIDATE_PRODUCT = YES;
			};
			name = Release;
		};
		78A98EA01560F832009E0806 /* Debug */ = {
			isa = XCBuildConfiguration;
			buildSettings = {
				GCC_PRECOMPILE_PREFIX_HEADER = YES;
				GCC_PREFIX_HEADER = "EXFE/EXFE-Prefix.pch";
				HEADER_SEARCH_PATHS = "\"$(BUILT_PRODUCTS_DIR)/../../Headers\"/**";
				INFOPLIST_FILE = "EXFE/EXFE-Info.plist";
				OTHER_LDFLAGS = (
					"-ObjC",
					"-all_load",
				);
				PRODUCT_NAME = "$(TARGET_NAME)";
				WRAPPER_EXTENSION = app;
			};
			name = Debug;
		};
		78A98EA11560F832009E0806 /* Release */ = {
			isa = XCBuildConfiguration;
			buildSettings = {
				GCC_PRECOMPILE_PREFIX_HEADER = YES;
				GCC_PREFIX_HEADER = "EXFE/EXFE-Prefix.pch";
				HEADER_SEARCH_PATHS = "\"$(BUILT_PRODUCTS_DIR)/../../Headers\"/**";
				INFOPLIST_FILE = "EXFE/EXFE-Info.plist";
				OTHER_LDFLAGS = (
					"-ObjC",
					"-all_load",
				);
				PRODUCT_NAME = "$(TARGET_NAME)";
				WRAPPER_EXTENSION = app;
			};
			name = Release;
		};
/* End XCBuildConfiguration section */

/* Begin XCConfigurationList section */
		78A98E811560F832009E0806 /* Build configuration list for PBXProject "EXFE" */ = {
			isa = XCConfigurationList;
			buildConfigurations = (
				78A98E9D1560F832009E0806 /* Debug */,
				78A98E9E1560F832009E0806 /* Release */,
			);
			defaultConfigurationIsVisible = 0;
			defaultConfigurationName = Release;
		};
		78A98E9F1560F832009E0806 /* Build configuration list for PBXNativeTarget "EXFE" */ = {
			isa = XCConfigurationList;
			buildConfigurations = (
				78A98EA01560F832009E0806 /* Debug */,
				78A98EA11560F832009E0806 /* Release */,
			);
			defaultConfigurationIsVisible = 0;
			defaultConfigurationName = Release;
		};
/* End XCConfigurationList section */

/* Begin XCVersionGroup section */
		78E837F7156658A300763A60 /* Model.xcdatamodeld */ = {
			isa = XCVersionGroup;
			children = (
				78E837F8156658A300763A60 /* Model.xcdatamodel */,
			);
			currentVersion = 78E837F8156658A300763A60 /* Model.xcdatamodel */;
			path = Model.xcdatamodeld;
			sourceTree = "<group>";
			versionGroupType = wrapper.xcdatamodel;
		};
/* End XCVersionGroup section */
	};
	rootObject = 78A98E7E1560F832009E0806 /* Project object */;
}
